
Microsoft Visual Studio Solution File, Format Version 12.00
# Visual Studio Version 17
VisualStudioVersion = 17.6.33829.357
MinimumVisualStudioVersion = 10.0.40219.1
Project("{FAE04EC0-301F-11D3-BF4B-00C04F79EFBC}") = "CDB.API", "CDB.API\CDB.API.csproj", "{56DAB69B-DC4B-4797-802F-69768577BD77}"
EndProject
Project("{FAE04EC0-301F-11D3-BF4B-00C04F79EFBC}") = "CDB.Application", "CDB.Application\CDB.Application.csproj", "{A4428963-4FBA-47C2-99B1-17424753B9A6}"
EndProject
Project("{FAE04EC0-301F-11D3-BF4B-00C04F79EFBC}") = "CDB.Domain", "CDB.Domain\CDB.Domain.csproj", "{954E84CE-2BD3-486C-9D2F-46E4B8A179EB}"
EndProject
Project("{FAE04EC0-301F-11D3-BF4B-00C04F79EFBC}") = "CDB.Data", "CDB.Data\CDB.Data.csproj", "{3128779C-D707-47E9-A42C-BDA214160407}"
EndProject
Project("{FAE04EC0-301F-11D3-BF4B-00C04F79EFBC}") = "CDB.IoC", "CDB.IoC\CDB.IoC.csproj", "{E7501EA2-F50C-4F09-8FE0-7DA913FB47E4}"
EndProject
Global
	GlobalSection(SolutionConfigurationPlatforms) = preSolution
		Debug|Any CPU = Debug|Any CPU
		Release|Any CPU = Release|Any CPU
	EndGlobalSection
	GlobalSection(ProjectConfigurationPlatforms) = postSolution
		{56DAB69B-DC4B-4797-802F-69768577BD77}.Debug|Any CPU.ActiveCfg = Debug|Any CPU
		{56DAB69B-DC4B-4797-802F-69768577BD77}.Debug|Any CPU.Build.0 = Debug|Any CPU
		{56DAB69B-DC4B-4797-802F-69768577BD77}.Release|Any CPU.ActiveCfg = Release|Any CPU
		{56DAB69B-DC4B-4797-802F-69768577BD77}.Release|Any CPU.Build.0 = Release|Any CPU
		{A4428963-4FBA-47C2-99B1-17424753B9A6}.Debug|Any CPU.ActiveCfg = Debug|Any CPU
		{A4428963-4FBA-47C2-99B1-17424753B9A6}.Debug|Any CPU.Build.0 = Debug|Any CPU
		{A4428963-4FBA-47C2-99B1-17424753B9A6}.Release|Any CPU.ActiveCfg = Release|Any CPU
		{A4428963-4FBA-47C2-99B1-17424753B9A6}.Release|Any CPU.Build.0 = Release|Any CPU
		{954E84CE-2BD3-486C-9D2F-46E4B8A179EB}.Debug|Any CPU.ActiveCfg = Debug|Any CPU
		{954E84CE-2BD3-486C-9D2F-46E4B8A179EB}.Debug|Any CPU.Build.0 = Debug|Any CPU
		{954E84CE-2BD3-486C-9D2F-46E4B8A179EB}.Release|Any CPU.ActiveCfg = Release|Any CPU
		{954E84CE-2BD3-486C-9D2F-46E4B8A179EB}.Release|Any CPU.Build.0 = Release|Any CPU
		{3128779C-D707-47E9-A42C-BDA214160407}.Debug|Any CPU.ActiveCfg = Debug|Any CPU
		{3128779C-D707-47E9-A42C-BDA214160407}.Debug|Any CPU.Build.0 = Debug|Any CPU
		{3128779C-D707-47E9-A42C-BDA214160407}.Release|Any CPU.ActiveCfg = Release|Any CPU
		{3128779C-D707-47E9-A42C-BDA214160407}.Release|Any CPU.Build.0 = Release|Any CPU
		{E7501EA2-F50C-4F09-8FE0-7DA913FB47E4}.Debug|Any CPU.ActiveCfg = Debug|Any CPU
		{E7501EA2-F50C-4F09-8FE0-7DA913FB47E4}.Debug|Any CPU.Build.0 = Debug|Any CPU
		{E7501EA2-F50C-4F09-8FE0-7DA913FB47E4}.Release|Any CPU.ActiveCfg = Release|Any CPU
		{E7501EA2-F50C-4F09-8FE0-7DA913FB47E4}.Release|Any CPU.Build.0 = Release|Any CPU
	EndGlobalSection
	GlobalSection(SolutionProperties) = preSolution
		HideSolutionNode = FALSE
	EndGlobalSection
	GlobalSection(ExtensibilityGlobals) = postSolution
		SolutionGuid = {B2E450D4-59B1-4396-8E91-4973B0C3C1C3}
	EndGlobalSection
EndGlobal
